{
  "name": "@david/observability",
  "version": "0.0.1",
  "lockfileVersion": 1,
  "requires": true,
  "dependencies": {
    "@godaddy/terminus": {
      "version": "4.1.0",
      "resolved": "https://npm.unueng.com/@godaddy%2fterminus/-/terminus-4.1.0.tgz",
      "integrity": "sha512-48hGiwgSI/qHUXC+p2Qc73NvlMBO+Q1O4HhglTg7km8pfhDM79p/vFO5HD9/f7PCoLY/5p3kl/Tb8O2aDYgp0g==",
      "requires": {
        "es6-promisify": "^6.0.0",
        "stoppable": "^1.0.5"
      }
    },
    "bintrees": {
      "version": "1.0.1",
      "resolved": "https://npm.unueng.com/bintrees/-/bintrees-1.0.1.tgz",
      "integrity": "sha1-DmVcm5wkNeqraL9AJyJtK1WjRSQ="
    },
    "es6-promisify": {
      "version": "6.0.1",
      "resolved": "https://npm.unueng.com/es6-promisify/-/es6-promisify-6.0.1.tgz",
      "integrity": "sha512-J3ZkwbEnnO+fGAKrjVpeUAnZshAdfZvbhQpqfIH9kSAspReRC4nJnu8ewm55b4y9ElyeuhCTzJD0XiH8Tsbhlw=="
    },
    "prom-client": {
      "version": "11.3.0",
      "resolved": "https://npm.unueng.com/prom-client/-/prom-client-11.3.0.tgz",
      "integrity": "sha512-OqSf5WOvpGZXkfqPXUHNHpjrbEE/q8jxjktO0i7zg1cnULAtf0ET67/J5R4e4iA4MZx2260tzTzSFSWgMdTZmQ==",
      "requires": {
        "tdigest": "^0.1.1"
      }
    },
    "stoppable": {
      "version": "1.1.0",
      "resolved": "https://npm.unueng.com/stoppable/-/stoppable-1.1.0.tgz",
      "integrity": "sha512-KXDYZ9dszj6bzvnEMRYvxgeTHU74QBFL54XKtP3nyMuJ81CFYtABZ3bAzL2EdFUaEwJOBOgENyFj3R7oTzDyyw=="
    },
    "tdigest": {
      "version": "0.1.1",
      "resolved": "https://npm.unueng.com/tdigest/-/tdigest-0.1.1.tgz",
      "integrity": "sha1-Ljyyw56kSeVdHmzZEReszKRYgCE=",
      "requires": {
        "bintrees": "1.0.1"
      }
    }
  }
}
